
Microsoft Visual Studio Solution File, Format Version 12.00
# Visual Studio 15
VisualStudioVersion = 15.0.27703.2035
MinimumVisualStudioVersion = 10.0.40219.1
Project("{9A19103F-16F7-4668-BE54-9A1E7A4F7556}") = "ComeToTurkey.API", "ComeToTurkey.API\ComeToTurkey.API.csproj", "{C28A9DA5-F779-42E9-A067-4349FDDF28AB}"
EndProject
Global
	GlobalSection(SolutionConfigurationPlatforms) = preSolution
		Debug|Any CPU = Debug|Any CPU
		Release|Any CPU = Release|Any CPU
	EndGlobalSection
	GlobalSection(ProjectConfigurationPlatforms) = postSolution
		{C28A9DA5-F779-42E9-A067-4349FDDF28AB}.Debug|Any CPU.ActiveCfg = Debug|Any CPU
		{C28A9DA5-F779-42E9-A067-4349FDDF28AB}.Debug|Any CPU.Build.0 = Debug|Any CPU
		{C28A9DA5-F779-42E9-A067-4349FDDF28AB}.Release|Any CPU.ActiveCfg = Release|Any CPU
		{C28A9DA5-F779-42E9-A067-4349FDDF28AB}.Release|Any CPU.Build.0 = Release|Any CPU
	EndGlobalSection
	GlobalSection(SolutionProperties) = preSolution
		HideSolutionNode = FALSE
	EndGlobalSection
	GlobalSection(ExtensibilityGlobals) = postSolution
		SolutionGuid = {BE37A6C6-3926-45B8-A901-6F6668B95387}
	EndGlobalSection
EndGlobal
